
Microsoft Visual Studio Solution File, Format Version 12.00
# Visual Studio Version 17
VisualStudioVersion = 17.10.35013.160
MinimumVisualStudioVersion = 10.0.40219.1
Project("{FAE04EC0-301F-11D3-BF4B-00C04F79EFBC}") = "project graduation", "project graduation.csproj", "{C76EA2D9-F9C0-4AEA-A33F-D0BF7595AD70}"
EndProject
Global
	GlobalSection(SolutionConfigurationPlatforms) = preSolution
		Debug|Any CPU = Debug|Any CPU
		Release|Any CPU = Release|Any CPU
	EndGlobalSection
	GlobalSection(ProjectConfigurationPlatforms) = postSolution
		{C76EA2D9-F9C0-4AEA-A33F-D0BF7595AD70}.Debug|Any CPU.ActiveCfg = Debug|Any CPU
		{C76EA2D9-F9C0-4AEA-A33F-D0BF7595AD70}.Debug|Any CPU.Build.0 = Debug|Any CPU
		{C76EA2D9-F9C0-4AEA-A33F-D0BF7595AD70}.Release|Any CPU.ActiveCfg = Release|Any CPU
		{C76EA2D9-F9C0-4AEA-A33F-D0BF7595AD70}.Release|Any CPU.Build.0 = Release|Any CPU
	EndGlobalSection
	GlobalSection(SolutionProperties) = preSolution
		HideSolutionNode = FALSE
	EndGlobalSection
	GlobalSection(ExtensibilityGlobals) = postSolution
		SolutionGuid = {4D2121A6-0DC4-413A-B534-04B322AAAADA}
	EndGlobalSection
EndGlobal
